// !$*UTF8*$!
{
	archiveVersion = 1;
	classes = {
	};
	objectVersion = 50;
	objects = {

/* Begin PBXBuildFile section */
		1803F6302617593E00604A50 /* Stored.swift in Sources */ = {isa = PBXBuildFile; fileRef = 1803F62F2617593E00604A50 /* Stored.swift */; };
		1837183E25DFCD8F00A3E3F9 /* MainView+Logic.swift in Sources */ = {isa = PBXBuildFile; fileRef = 1837183D25DFCD8F00A3E3F9 /* MainView+Logic.swift */; };
		1837184325DFD52A00A3E3F9 /* NewSprintView+Logic.swift in Sources */ = {isa = PBXBuildFile; fileRef = 1837184225DFD52A00A3E3F9 /* NewSprintView+Logic.swift */; };
		1837184825DFDE0400A3E3F9 /* SprintList+Logic.swift in Sources */ = {isa = PBXBuildFile; fileRef = 1837184725DFDE0400A3E3F9 /* SprintList+Logic.swift */; };
		1837184D25DFE0BC00A3E3F9 /* NewStoryView+Logic.swift in Sources */ = {isa = PBXBuildFile; fileRef = 1837184C25DFE0BC00A3E3F9 /* NewStoryView+Logic.swift */; };
		1837185225DFF2CC00A3E3F9 /* StoryList+Logic.swift in Sources */ = {isa = PBXBuildFile; fileRef = 1837185125DFF2CC00A3E3F9 /* StoryList+Logic.swift */; };
		1837185725DFF35500A3E3F9 /* VideoView.swift in Sources */ = {isa = PBXBuildFile; fileRef = 1837185625DFF35500A3E3F9 /* VideoView.swift */; };
		1837186225E0108300A3E3F9 /* Binding+Callback.swift in Sources */ = {isa = PBXBuildFile; fileRef = 1837186125E0108300A3E3F9 /* Binding+Callback.swift */; };
		183C0220251B765400EC09FD /* Logger.swift in Sources */ = {isa = PBXBuildFile; fileRef = 183C021F251B765400EC09FD /* Logger.swift */; };
		183C8D552611DEE400F5037D /* AppStateManager.swift in Sources */ = {isa = PBXBuildFile; fileRef = 183C8D542611DEE400F5037D /* AppStateManager.swift */; };
		184189842664DFB200DDB53D /* SprintRow.swift in Sources */ = {isa = PBXBuildFile; fileRef = 184189832664DFB200DDB53D /* SprintRow.swift */; };
		184189862664DFFD00DDB53D /* SprintRow+Logic.swift in Sources */ = {isa = PBXBuildFile; fileRef = 184189852664DFFD00DDB53D /* SprintRow+Logic.swift */; };
		185277D52518AC8C0050F6C1 /* Space.swift in Sources */ = {isa = PBXBuildFile; fileRef = 185277D42518AC8C0050F6C1 /* Space.swift */; };
		185277E72518D9990050F6C1 /* SpaceService.swift in Sources */ = {isa = PBXBuildFile; fileRef = 185277E62518D9990050F6C1 /* SpaceService.swift */; };
		185277ED2519E74C0050F6C1 /* SpaceManager.swift in Sources */ = {isa = PBXBuildFile; fileRef = 185277EC2519E74C0050F6C1 /* SpaceManager.swift */; };
		185277F52519F32E0050F6C1 /* WelcomeView.swift in Sources */ = {isa = PBXBuildFile; fileRef = 185277F42519F32E0050F6C1 /* WelcomeView.swift */; };
		1858275E24B4C38B008BE248 /* Sequence+Extensions.swift in Sources */ = {isa = PBXBuildFile; fileRef = 1858275D24B4C38B008BE248 /* Sequence+Extensions.swift */; };
		1862423924B4859300A4A6CB /* SprintList.swift in Sources */ = {isa = PBXBuildFile; fileRef = 1862423824B4859300A4A6CB /* SprintList.swift */; };
		1862423B24B485BA00A4A6CB /* StoryList.swift in Sources */ = {isa = PBXBuildFile; fileRef = 1862423A24B485BA00A4A6CB /* StoryList.swift */; };
		1862423D24B485E400A4A6CB /* StoryDetail.swift in Sources */ = {isa = PBXBuildFile; fileRef = 1862423C24B485E400A4A6CB /* StoryDetail.swift */; };
		1862424024B489BB00A4A6CB /* Sprint.swift in Sources */ = {isa = PBXBuildFile; fileRef = 1862423F24B489BB00A4A6CB /* Sprint.swift */; };
		1862424324B48A8600A4A6CB /* Story.swift in Sources */ = {isa = PBXBuildFile; fileRef = 1862424224B48A8600A4A6CB /* Story.swift */; };
		1862424724B48E9900A4A6CB /* NewSprintView.swift in Sources */ = {isa = PBXBuildFile; fileRef = 1862424624B48E9900A4A6CB /* NewSprintView.swift */; };
		186A8B1226394E8F00B8FFBE /* AVKit.framework in Frameworks */ = {isa = PBXBuildFile; fileRef = 186A8B1126394E8F00B8FFBE /* AVKit.framework */; };
		18758ADD2653ACC0009440B9 /* DeletionButton.swift in Sources */ = {isa = PBXBuildFile; fileRef = 18758ADC2653ACC0009440B9 /* DeletionButton.swift */; };
		188595BB25C9682400E7B3FD /* RunningOrderApp.swift in Sources */ = {isa = PBXBuildFile; fileRef = 188595BA25C9682400E7B3FD /* RunningOrderApp.swift */; };
		188595CF25C9726000E7B3FD /* ToolbarItems.swift in Sources */ = {isa = PBXBuildFile; fileRef = 188595CE25C9726000E7B3FD /* ToolbarItems.swift */; };
		188595D425C97C2A00E7B3FD /* CloudSharingHandler.swift in Sources */ = {isa = PBXBuildFile; fileRef = 188595D325C97C2A00E7B3FD /* CloudSharingHandler.swift */; };
		1888AFC525271A4200D5C678 /* Colors+Extensions.swift in Sources */ = {isa = PBXBuildFile; fileRef = 1888AFC425271A4200D5C678 /* Colors+Extensions.swift */; };
		188A940C2656B409001743D5 /* UserManager.swift in Sources */ = {isa = PBXBuildFile; fileRef = 188A940B2656B409001743D5 /* UserManager.swift */; };
		1890DCC2252B705400D236B6 /* CloudKitChangesService.swift in Sources */ = {isa = PBXBuildFile; fileRef = 1890DCC1252B705400D236B6 /* CloudKitChangesService.swift */; };
		1893AA4F263585D500583B8B /* JSONCoding.swift in Sources */ = {isa = PBXBuildFile; fileRef = 1893AA4E263585D500583B8B /* JSONCoding.swift */; };
		18CDCDD624B4A49200043E1D /* Localizable.strings in Resources */ = {isa = PBXBuildFile; fileRef = 18CDCDD824B4A49200043E1D /* Localizable.strings */; };
		18F6109F25FBA79700A94949 /* TextfieldEditingStringHandler.swift in Sources */ = {isa = PBXBuildFile; fileRef = 18F6109E25FBA79700A94949 /* TextfieldEditingStringHandler.swift */; };
		18F610A425FBAD3000A94949 /* Environment+EpicColor.swift in Sources */ = {isa = PBXBuildFile; fileRef = 18F610A325FBAD3000A94949 /* Environment+EpicColor.swift */; };
		18F610B125FBB96700A94949 /* UserService.swift in Sources */ = {isa = PBXBuildFile; fileRef = 18F610B025FBB96700A94949 /* UserService.swift */; };
		18F610B625FBCEE600A94949 /* BasicError.swift in Sources */ = {isa = PBXBuildFile; fileRef = 18F610B525FBCEE600A94949 /* BasicError.swift */; };
		18F610BB25FBDA8000A94949 /* StoryDetailHeader+Logic.swift in Sources */ = {isa = PBXBuildFile; fileRef = 18F610BA25FBDA8000A94949 /* StoryDetailHeader+Logic.swift */; };
		18F610C425FBDAD100A94949 /* User.swift in Sources */ = {isa = PBXBuildFile; fileRef = 18F610C325FBDAD100A94949 /* User.swift */; };
		18F6F6C725C9D029008078ED /* InlineButtonStyle.swift in Sources */ = {isa = PBXBuildFile; fileRef = 18F6F6C625C9D029008078ED /* InlineButtonStyle.swift */; };
		18F7918224B619B600FDCBEF /* Sprints_Previews.swift in Sources */ = {isa = PBXBuildFile; fileRef = 18F7918124B619B600FDCBEF /* Sprints_Previews.swift */; };
		18F7918424B61A5900FDCBEF /* Stories_Previews.swift in Sources */ = {isa = PBXBuildFile; fileRef = 18F7918324B61A5900FDCBEF /* Stories_Previews.swift */; };
		18FE758E24A23E670003C76E /* AppDelegate.swift in Sources */ = {isa = PBXBuildFile; fileRef = 18FE758D24A23E670003C76E /* AppDelegate.swift */; };
		18FE759024A23E670003C76E /* MainView.swift in Sources */ = {isa = PBXBuildFile; fileRef = 18FE758F24A23E670003C76E /* MainView.swift */; };
		18FE759224A23E680003C76E /* Assets.xcassets in Resources */ = {isa = PBXBuildFile; fileRef = 18FE759124A23E680003C76E /* Assets.xcassets */; };
		18FE759524A23E680003C76E /* Preview Assets.xcassets in Resources */ = {isa = PBXBuildFile; fileRef = 18FE759424A23E680003C76E /* Preview Assets.xcassets */; };
		18FE75A424A23E680003C76E /* RunningOrderTests.swift in Sources */ = {isa = PBXBuildFile; fileRef = 18FE75A324A23E680003C76E /* RunningOrderTests.swift */; };
		18FF999624DC3472002A06FE /* SprintManager.swift in Sources */ = {isa = PBXBuildFile; fileRef = 18FF999524DC3472002A06FE /* SprintManager.swift */; };
		5D285C1F261C706B008E01AC /* SearchManager.swift in Sources */ = {isa = PBXBuildFile; fileRef = 5D285C1E261C706B008E01AC /* SearchManager.swift */; };
		5D2EE4762631E25300D346AF /* Search.swift in Sources */ = {isa = PBXBuildFile; fileRef = 5D2EE4752631E25300D346AF /* Search.swift */; };
		5D81744D261723D100BCC970 /* SearchBarView.swift in Sources */ = {isa = PBXBuildFile; fileRef = 5D817449261723D100BCC970 /* SearchBarView.swift */; };
		5D81744E261723D100BCC970 /* SearchBarSuggestions+Logic.swift in Sources */ = {isa = PBXBuildFile; fileRef = 5D81744A261723D100BCC970 /* SearchBarSuggestions+Logic.swift */; };
		5D81744F261723D100BCC970 /* SuggestionRow.swift in Sources */ = {isa = PBXBuildFile; fileRef = 5D81744B261723D100BCC970 /* SuggestionRow.swift */; };
		5D817450261723D100BCC970 /* SearchBarSuggestions.swift in Sources */ = {isa = PBXBuildFile; fileRef = 5D81744C261723D100BCC970 /* SearchBarSuggestions.swift */; };
		E81BBFE624CAD21100DB289A /* StyledFocusableTextField.swift in Sources */ = {isa = PBXBuildFile; fileRef = E81BBFE524CAD21100DB289A /* StyledFocusableTextField.swift */; };
		E81BBFE824CB194B00DB289A /* RoundButton.swift in Sources */ = {isa = PBXBuildFile; fileRef = E81BBFE724CB194B00DB289A /* RoundButton.swift */; };
		E83C002724ED7B0F00C83B85 /* CloudKit.framework in Frameworks */ = {isa = PBXBuildFile; fileRef = E83C002624ED7B0F00C83B85 /* CloudKit.framework */; };
		E858997424EE68FB00BB65C8 /* Cloudkit+Extensions.swift in Sources */ = {isa = PBXBuildFile; fileRef = E858997324EE68FB00BB65C8 /* Cloudkit+Extensions.swift */; };
		E8760DCF24DADFD8003A2766 /* Image+Extensions.swift in Sources */ = {isa = PBXBuildFile; fileRef = E8760DCE24DADFD8003A2766 /* Image+Extensions.swift */; };
		E882F03424CF030F002D1591 /* NewStoryView.swift in Sources */ = {isa = PBXBuildFile; fileRef = E882F03324CF030F002D1591 /* NewStoryView.swift */; };
		E88CC8E424D0119C00E9F2DD /* StoryRow.swift in Sources */ = {isa = PBXBuildFile; fileRef = E88CC8E324D0119C00E9F2DD /* StoryRow.swift */; };
		E896ADBF24E1375500D82952 /* StoryDetailHeader.swift in Sources */ = {isa = PBXBuildFile; fileRef = E896ADBE24E1375500D82952 /* StoryDetailHeader.swift */; };
		E8A2649F24F4FD58006B94EA /* ConfigurationView.swift in Sources */ = {isa = PBXBuildFile; fileRef = E8A2649E24F4FD58006B94EA /* ConfigurationView.swift */; };
		E8A264A124F4FE3D006B94EA /* StepsView.swift in Sources */ = {isa = PBXBuildFile; fileRef = E8A264A024F4FE3D006B94EA /* StepsView.swift */; };
		E8A4E4D024EE984A00DBBCEA /* Sprint+CloudKit.swift in Sources */ = {isa = PBXBuildFile; fileRef = E8A4E4CF24EE984A00DBBCEA /* Sprint+CloudKit.swift */; };
		E8A4E4D324EE988000DBBCEA /* CKRecordable.swift in Sources */ = {isa = PBXBuildFile; fileRef = E8A4E4D224EE988000DBBCEA /* CKRecordable.swift */; };
		E8A4E4D624EE996D00DBBCEA /* Story+CloudKit.swift in Sources */ = {isa = PBXBuildFile; fileRef = E8A4E4D524EE996D00DBBCEA /* Story+CloudKit.swift */; };
		E8A5BD1D24E3E8B200589452 /* StoryManager.swift in Sources */ = {isa = PBXBuildFile; fileRef = E8A5BD1C24E3E8B200589452 /* StoryManager.swift */; };
		E8A5BD1F24E42A9B00589452 /* StoryInformation.swift in Sources */ = {isa = PBXBuildFile; fileRef = E8A5BD1E24E42A9B00589452 /* StoryInformation.swift */; };
		E8A5BD2324E433AD00589452 /* StoryInformationManager.swift in Sources */ = {isa = PBXBuildFile; fileRef = E8A5BD2224E433AD00589452 /* StoryInformationManager.swift */; };
		E8A9567C24D2B0E7009E0C28 /* Tag.swift in Sources */ = {isa = PBXBuildFile; fileRef = E8A9567B24D2B0E7009E0C28 /* Tag.swift */; };
		E8AFA1F224F69BE300AA84D3 /* SprintService.swift in Sources */ = {isa = PBXBuildFile; fileRef = E8AFA1F124F69BE300AA84D3 /* SprintService.swift */; };
		E8AFA1F424F69C1900AA84D3 /* CloudKitContainer.swift in Sources */ = {isa = PBXBuildFile; fileRef = E8AFA1F324F69C1900AA84D3 /* CloudKitContainer.swift */; };
		E8AFA1F624F69D4900AA84D3 /* StoryService.swift in Sources */ = {isa = PBXBuildFile; fileRef = E8AFA1F524F69D4900AA84D3 /* StoryService.swift */; };
		E8AFA1F824F69D5200AA84D3 /* StoryInformationService.swift in Sources */ = {isa = PBXBuildFile; fileRef = E8AFA1F724F69D5200AA84D3 /* StoryInformationService.swift */; };
		E8C7384924C98C2B0018AAEA /* FocusableNSTextField.swift in Sources */ = {isa = PBXBuildFile; fileRef = E8C7384824C98C2B0018AAEA /* FocusableNSTextField.swift */; };
		E8EB954524C5CA0D00BC76E4 /* SprintNumber.swift in Sources */ = {isa = PBXBuildFile; fileRef = E8EB954424C5CA0D00BC76E4 /* SprintNumber.swift */; };
		E8EB954924C5E23C00BC76E4 /* InlineEditableList.swift in Sources */ = {isa = PBXBuildFile; fileRef = E8EB954824C5E23C00BC76E4 /* InlineEditableList.swift */; };
		E8F4EEC624EE6BA300EC1CA2 /* Combine+Extensions.swift in Sources */ = {isa = PBXBuildFile; fileRef = E8F4EEC524EE6BA300EC1CA2 /* Combine+Extensions.swift */; };
		E8F5501C24DD36060017582D /* Configuration.swift in Sources */ = {isa = PBXBuildFile; fileRef = E8F5501B24DD36060017582D /* Configuration.swift */; };
		E8F5501E24DD36100017582D /* Link.swift in Sources */ = {isa = PBXBuildFile; fileRef = E8F5501D24DD36100017582D /* Link.swift */; };
		FB2D50DB2629B6BF0000C378 /* BorderedTextField.swift in Sources */ = {isa = PBXBuildFile; fileRef = FB2D50DA2629B6BF0000C378 /* BorderedTextField.swift */; };
		FB6A2A1D2630289900FF3EBF /* InlineEditableLink+Logic.swift in Sources */ = {isa = PBXBuildFile; fileRef = FB6A2A1C2630289900FF3EBF /* InlineEditableLink+Logic.swift */; };
		FB70027D261F32570088DBF0 /* InlineEditableLinkList.swift in Sources */ = {isa = PBXBuildFile; fileRef = FB70027C261F32570088DBF0 /* InlineEditableLinkList.swift */; };
		FB88E12025E8F877008F2644 /* InlineEditableLink.swift in Sources */ = {isa = PBXBuildFile; fileRef = FB88E11F25E8F877008F2644 /* InlineEditableLink.swift */; };
		FBBDD9342629D05800313AFD /* InlineEditableLinkList+Logic.swift in Sources */ = {isa = PBXBuildFile; fileRef = FBBDD9332629D05800313AFD /* InlineEditableLinkList+Logic.swift */; };
/* End PBXBuildFile section */

/* Begin PBXContainerItemProxy section */
		18FE75A024A23E680003C76E /* PBXContainerItemProxy */ = {
			isa = PBXContainerItemProxy;
			containerPortal = 18FE758224A23E670003C76E /* Project object */;
			proxyType = 1;
			remoteGlobalIDString = 18FE758924A23E670003C76E;
			remoteInfo = RunningOrder;
		};
		18FE75AB24A23E680003C76E /* PBXContainerItemProxy */ = {
			isa = PBXContainerItemProxy;
			containerPortal = 18FE758224A23E670003C76E /* Project object */;
			proxyType = 1;
			remoteGlobalIDString = 18FE758924A23E670003C76E;
			remoteInfo = RunningOrder;
		};
/* End PBXContainerItemProxy section */

/* Begin PBXFileReference section */
		1803F62F2617593E00604A50 /* Stored.swift */ = {isa = PBXFileReference; lastKnownFileType = sourcecode.swift; path = Stored.swift; sourceTree = "<group>"; };
		1837183D25DFCD8F00A3E3F9 /* MainView+Logic.swift */ = {isa = PBXFileReference; lastKnownFileType = sourcecode.swift; path = "MainView+Logic.swift"; sourceTree = "<group>"; };
		1837184225DFD52A00A3E3F9 /* NewSprintView+Logic.swift */ = {isa = PBXFileReference; lastKnownFileType = sourcecode.swift; path = "NewSprintView+Logic.swift"; sourceTree = "<group>"; };
		1837184725DFDE0400A3E3F9 /* SprintList+Logic.swift */ = {isa = PBXFileReference; lastKnownFileType = sourcecode.swift; path = "SprintList+Logic.swift"; sourceTree = "<group>"; };
		1837184C25DFE0BC00A3E3F9 /* NewStoryView+Logic.swift */ = {isa = PBXFileReference; lastKnownFileType = sourcecode.swift; path = "NewStoryView+Logic.swift"; sourceTree = "<group>"; };
		1837185125DFF2CC00A3E3F9 /* StoryList+Logic.swift */ = {isa = PBXFileReference; lastKnownFileType = sourcecode.swift; path = "StoryList+Logic.swift"; sourceTree = "<group>"; };
		1837185625DFF35500A3E3F9 /* VideoView.swift */ = {isa = PBXFileReference; lastKnownFileType = sourcecode.swift; path = VideoView.swift; sourceTree = "<group>"; };
		1837186125E0108300A3E3F9 /* Binding+Callback.swift */ = {isa = PBXFileReference; lastKnownFileType = sourcecode.swift; path = "Binding+Callback.swift"; sourceTree = "<group>"; };
		183C021F251B765400EC09FD /* Logger.swift */ = {isa = PBXFileReference; lastKnownFileType = sourcecode.swift; path = Logger.swift; sourceTree = "<group>"; };
		183C8D542611DEE400F5037D /* AppStateManager.swift */ = {isa = PBXFileReference; lastKnownFileType = sourcecode.swift; path = AppStateManager.swift; sourceTree = "<group>"; };
		184189832664DFB200DDB53D /* SprintRow.swift */ = {isa = PBXFileReference; lastKnownFileType = sourcecode.swift; path = SprintRow.swift; sourceTree = "<group>"; };
		184189852664DFFD00DDB53D /* SprintRow+Logic.swift */ = {isa = PBXFileReference; lastKnownFileType = sourcecode.swift; path = "SprintRow+Logic.swift"; sourceTree = "<group>"; };
		185277D42518AC8C0050F6C1 /* Space.swift */ = {isa = PBXFileReference; lastKnownFileType = sourcecode.swift; path = Space.swift; sourceTree = "<group>"; };
		185277E62518D9990050F6C1 /* SpaceService.swift */ = {isa = PBXFileReference; lastKnownFileType = sourcecode.swift; path = SpaceService.swift; sourceTree = "<group>"; };
		185277EC2519E74C0050F6C1 /* SpaceManager.swift */ = {isa = PBXFileReference; lastKnownFileType = sourcecode.swift; path = SpaceManager.swift; sourceTree = "<group>"; };
		185277F42519F32E0050F6C1 /* WelcomeView.swift */ = {isa = PBXFileReference; lastKnownFileType = sourcecode.swift; path = WelcomeView.swift; sourceTree = "<group>"; };
		1858275D24B4C38B008BE248 /* Sequence+Extensions.swift */ = {isa = PBXFileReference; lastKnownFileType = sourcecode.swift; path = "Sequence+Extensions.swift"; sourceTree = "<group>"; };
		1862423824B4859300A4A6CB /* SprintList.swift */ = {isa = PBXFileReference; lastKnownFileType = sourcecode.swift; path = SprintList.swift; sourceTree = "<group>"; };
		1862423A24B485BA00A4A6CB /* StoryList.swift */ = {isa = PBXFileReference; lastKnownFileType = sourcecode.swift; path = StoryList.swift; sourceTree = "<group>"; };
		1862423C24B485E400A4A6CB /* StoryDetail.swift */ = {isa = PBXFileReference; lastKnownFileType = sourcecode.swift; path = StoryDetail.swift; sourceTree = "<group>"; };
		1862423F24B489BB00A4A6CB /* Sprint.swift */ = {isa = PBXFileReference; lastKnownFileType = sourcecode.swift; path = Sprint.swift; sourceTree = "<group>"; };
		1862424224B48A8600A4A6CB /* Story.swift */ = {isa = PBXFileReference; lastKnownFileType = sourcecode.swift; path = Story.swift; sourceTree = "<group>"; };
		1862424624B48E9900A4A6CB /* NewSprintView.swift */ = {isa = PBXFileReference; lastKnownFileType = sourcecode.swift; path = NewSprintView.swift; sourceTree = "<group>"; };
		186A8B1126394E8F00B8FFBE /* AVKit.framework */ = {isa = PBXFileReference; lastKnownFileType = wrapper.framework; name = AVKit.framework; path = System/Library/Frameworks/AVKit.framework; sourceTree = SDKROOT; };
		18758ADC2653ACC0009440B9 /* DeletionButton.swift */ = {isa = PBXFileReference; lastKnownFileType = sourcecode.swift; path = DeletionButton.swift; sourceTree = "<group>"; };
		188595BA25C9682400E7B3FD /* RunningOrderApp.swift */ = {isa = PBXFileReference; lastKnownFileType = sourcecode.swift; path = RunningOrderApp.swift; sourceTree = "<group>"; };
		188595CE25C9726000E7B3FD /* ToolbarItems.swift */ = {isa = PBXFileReference; lastKnownFileType = sourcecode.swift; path = ToolbarItems.swift; sourceTree = "<group>"; };
		188595D325C97C2A00E7B3FD /* CloudSharingHandler.swift */ = {isa = PBXFileReference; lastKnownFileType = sourcecode.swift; path = CloudSharingHandler.swift; sourceTree = "<group>"; };
		1888AFC425271A4200D5C678 /* Colors+Extensions.swift */ = {isa = PBXFileReference; lastKnownFileType = sourcecode.swift; path = "Colors+Extensions.swift"; sourceTree = "<group>"; };
		188A940B2656B409001743D5 /* UserManager.swift */ = {isa = PBXFileReference; lastKnownFileType = sourcecode.swift; path = UserManager.swift; sourceTree = "<group>"; };
		1890DCC1252B705400D236B6 /* CloudKitChangesService.swift */ = {isa = PBXFileReference; lastKnownFileType = sourcecode.swift; path = CloudKitChangesService.swift; sourceTree = "<group>"; };
		1893AA4E263585D500583B8B /* JSONCoding.swift */ = {isa = PBXFileReference; lastKnownFileType = sourcecode.swift; path = JSONCoding.swift; sourceTree = "<group>"; };
		18CDCDD724B4A49200043E1D /* en */ = {isa = PBXFileReference; lastKnownFileType = text.plist.strings; name = en; path = en.lproj/Localizable.strings; sourceTree = "<group>"; };
		18CDCDDA24B4A4A500043E1D /* fr */ = {isa = PBXFileReference; lastKnownFileType = text.plist.strings; name = fr; path = fr.lproj/Localizable.strings; sourceTree = "<group>"; };
		18F6109E25FBA79700A94949 /* TextfieldEditingStringHandler.swift */ = {isa = PBXFileReference; lastKnownFileType = sourcecode.swift; path = TextfieldEditingStringHandler.swift; sourceTree = "<group>"; };
		18F610A325FBAD3000A94949 /* Environment+EpicColor.swift */ = {isa = PBXFileReference; lastKnownFileType = sourcecode.swift; path = "Environment+EpicColor.swift"; sourceTree = "<group>"; };
		18F610B025FBB96700A94949 /* UserService.swift */ = {isa = PBXFileReference; lastKnownFileType = sourcecode.swift; path = UserService.swift; sourceTree = "<group>"; };
		18F610B525FBCEE600A94949 /* BasicError.swift */ = {isa = PBXFileReference; lastKnownFileType = sourcecode.swift; path = BasicError.swift; sourceTree = "<group>"; };
		18F610BA25FBDA8000A94949 /* StoryDetailHeader+Logic.swift */ = {isa = PBXFileReference; lastKnownFileType = sourcecode.swift; path = "StoryDetailHeader+Logic.swift"; sourceTree = "<group>"; };
		18F610C325FBDAD100A94949 /* User.swift */ = {isa = PBXFileReference; lastKnownFileType = sourcecode.swift; path = User.swift; sourceTree = "<group>"; };
		18F6F6C625C9D029008078ED /* InlineButtonStyle.swift */ = {isa = PBXFileReference; lastKnownFileType = sourcecode.swift; path = InlineButtonStyle.swift; sourceTree = "<group>"; };
		18F7918124B619B600FDCBEF /* Sprints_Previews.swift */ = {isa = PBXFileReference; lastKnownFileType = sourcecode.swift; path = Sprints_Previews.swift; sourceTree = "<group>"; };
		18F7918324B61A5900FDCBEF /* Stories_Previews.swift */ = {isa = PBXFileReference; lastKnownFileType = sourcecode.swift; path = Stories_Previews.swift; sourceTree = "<group>"; };
		18FE758A24A23E670003C76E /* RunningOrder.app */ = {isa = PBXFileReference; explicitFileType = wrapper.application; includeInIndex = 0; path = RunningOrder.app; sourceTree = BUILT_PRODUCTS_DIR; };
		18FE758D24A23E670003C76E /* AppDelegate.swift */ = {isa = PBXFileReference; lastKnownFileType = sourcecode.swift; path = AppDelegate.swift; sourceTree = "<group>"; };
		18FE758F24A23E670003C76E /* MainView.swift */ = {isa = PBXFileReference; lastKnownFileType = sourcecode.swift; path = MainView.swift; sourceTree = "<group>"; };
		18FE759124A23E680003C76E /* Assets.xcassets */ = {isa = PBXFileReference; lastKnownFileType = folder.assetcatalog; path = Assets.xcassets; sourceTree = "<group>"; };
		18FE759424A23E680003C76E /* Preview Assets.xcassets */ = {isa = PBXFileReference; lastKnownFileType = folder.assetcatalog; path = "Preview Assets.xcassets"; sourceTree = "<group>"; };
		18FE759924A23E680003C76E /* Info.plist */ = {isa = PBXFileReference; lastKnownFileType = text.plist.xml; path = Info.plist; sourceTree = "<group>"; };
		18FE759A24A23E680003C76E /* RunningOrder.entitlements */ = {isa = PBXFileReference; lastKnownFileType = text.plist.entitlements; path = RunningOrder.entitlements; sourceTree = "<group>"; };
		18FE759F24A23E680003C76E /* RunningOrderTests.xctest */ = {isa = PBXFileReference; explicitFileType = wrapper.cfbundle; includeInIndex = 0; path = RunningOrderTests.xctest; sourceTree = BUILT_PRODUCTS_DIR; };
		18FE75A324A23E680003C76E /* RunningOrderTests.swift */ = {isa = PBXFileReference; lastKnownFileType = sourcecode.swift; path = RunningOrderTests.swift; sourceTree = "<group>"; };
		18FE75A524A23E680003C76E /* Info.plist */ = {isa = PBXFileReference; lastKnownFileType = text.plist.xml; path = Info.plist; sourceTree = "<group>"; };
		18FE75AA24A23E680003C76E /* RunningOrderUITests.xctest */ = {isa = PBXFileReference; explicitFileType = wrapper.cfbundle; includeInIndex = 0; path = RunningOrderUITests.xctest; sourceTree = BUILT_PRODUCTS_DIR; };
		18FE75AE24A23E680003C76E /* RunningOrderUITests.swift */ = {isa = PBXFileReference; lastKnownFileType = sourcecode.swift; path = RunningOrderUITests.swift; sourceTree = "<group>"; };
		18FE75B024A23E680003C76E /* Info.plist */ = {isa = PBXFileReference; lastKnownFileType = text.plist.xml; path = Info.plist; sourceTree = "<group>"; };
		18FF999524DC3472002A06FE /* SprintManager.swift */ = {isa = PBXFileReference; lastKnownFileType = sourcecode.swift; path = SprintManager.swift; sourceTree = "<group>"; };
		5D285C1E261C706B008E01AC /* SearchManager.swift */ = {isa = PBXFileReference; lastKnownFileType = sourcecode.swift; path = SearchManager.swift; sourceTree = "<group>"; };
		5D2EE4752631E25300D346AF /* Search.swift */ = {isa = PBXFileReference; lastKnownFileType = sourcecode.swift; path = Search.swift; sourceTree = "<group>"; };
		5D817449261723D100BCC970 /* SearchBarView.swift */ = {isa = PBXFileReference; fileEncoding = 4; lastKnownFileType = sourcecode.swift; path = SearchBarView.swift; sourceTree = "<group>"; };
		5D81744A261723D100BCC970 /* SearchBarSuggestions+Logic.swift */ = {isa = PBXFileReference; fileEncoding = 4; lastKnownFileType = sourcecode.swift; path = "SearchBarSuggestions+Logic.swift"; sourceTree = "<group>"; };
		5D81744B261723D100BCC970 /* SuggestionRow.swift */ = {isa = PBXFileReference; fileEncoding = 4; lastKnownFileType = sourcecode.swift; path = SuggestionRow.swift; sourceTree = "<group>"; };
		5D81744C261723D100BCC970 /* SearchBarSuggestions.swift */ = {isa = PBXFileReference; fileEncoding = 4; lastKnownFileType = sourcecode.swift; path = SearchBarSuggestions.swift; sourceTree = "<group>"; };
		E81BBFE524CAD21100DB289A /* StyledFocusableTextField.swift */ = {isa = PBXFileReference; lastKnownFileType = sourcecode.swift; path = StyledFocusableTextField.swift; sourceTree = "<group>"; };
		E81BBFE724CB194B00DB289A /* RoundButton.swift */ = {isa = PBXFileReference; lastKnownFileType = sourcecode.swift; path = RoundButton.swift; sourceTree = "<group>"; };
		E83C002424ED7B0600C83B85 /* RunningOrderDebug.entitlements */ = {isa = PBXFileReference; lastKnownFileType = text.plist.entitlements; path = RunningOrderDebug.entitlements; sourceTree = "<group>"; };
		E83C002624ED7B0F00C83B85 /* CloudKit.framework */ = {isa = PBXFileReference; lastKnownFileType = wrapper.framework; name = CloudKit.framework; path = System/Library/Frameworks/CloudKit.framework; sourceTree = SDKROOT; };
		E858997324EE68FB00BB65C8 /* Cloudkit+Extensions.swift */ = {isa = PBXFileReference; lastKnownFileType = sourcecode.swift; path = "Cloudkit+Extensions.swift"; sourceTree = "<group>"; };
		E8760DCE24DADFD8003A2766 /* Image+Extensions.swift */ = {isa = PBXFileReference; lastKnownFileType = sourcecode.swift; path = "Image+Extensions.swift"; sourceTree = "<group>"; };
		E882F03324CF030F002D1591 /* NewStoryView.swift */ = {isa = PBXFileReference; lastKnownFileType = sourcecode.swift; path = NewStoryView.swift; sourceTree = "<group>"; };
		E88CC8E324D0119C00E9F2DD /* StoryRow.swift */ = {isa = PBXFileReference; lastKnownFileType = sourcecode.swift; path = StoryRow.swift; sourceTree = "<group>"; };
		E896ADBE24E1375500D82952 /* StoryDetailHeader.swift */ = {isa = PBXFileReference; lastKnownFileType = sourcecode.swift; path = StoryDetailHeader.swift; sourceTree = "<group>"; };
		E8A2649E24F4FD58006B94EA /* ConfigurationView.swift */ = {isa = PBXFileReference; lastKnownFileType = sourcecode.swift; path = ConfigurationView.swift; sourceTree = "<group>"; };
		E8A264A024F4FE3D006B94EA /* StepsView.swift */ = {isa = PBXFileReference; lastKnownFileType = sourcecode.swift; path = StepsView.swift; sourceTree = "<group>"; };
		E8A4E4CF24EE984A00DBBCEA /* Sprint+CloudKit.swift */ = {isa = PBXFileReference; lastKnownFileType = sourcecode.swift; path = "Sprint+CloudKit.swift"; sourceTree = "<group>"; };
		E8A4E4D224EE988000DBBCEA /* CKRecordable.swift */ = {isa = PBXFileReference; lastKnownFileType = sourcecode.swift; path = CKRecordable.swift; sourceTree = "<group>"; };
		E8A4E4D524EE996D00DBBCEA /* Story+CloudKit.swift */ = {isa = PBXFileReference; lastKnownFileType = sourcecode.swift; path = "Story+CloudKit.swift"; sourceTree = "<group>"; };
		E8A5BD1C24E3E8B200589452 /* StoryManager.swift */ = {isa = PBXFileReference; lastKnownFileType = sourcecode.swift; path = StoryManager.swift; sourceTree = "<group>"; };
		E8A5BD1E24E42A9B00589452 /* StoryInformation.swift */ = {isa = PBXFileReference; lastKnownFileType = sourcecode.swift; path = StoryInformation.swift; sourceTree = "<group>"; };
		E8A5BD2224E433AD00589452 /* StoryInformationManager.swift */ = {isa = PBXFileReference; lastKnownFileType = sourcecode.swift; path = StoryInformationManager.swift; sourceTree = "<group>"; };
		E8A9567B24D2B0E7009E0C28 /* Tag.swift */ = {isa = PBXFileReference; lastKnownFileType = sourcecode.swift; path = Tag.swift; sourceTree = "<group>"; };
		E8AFA1F124F69BE300AA84D3 /* SprintService.swift */ = {isa = PBXFileReference; lastKnownFileType = sourcecode.swift; path = SprintService.swift; sourceTree = "<group>"; };
		E8AFA1F324F69C1900AA84D3 /* CloudKitContainer.swift */ = {isa = PBXFileReference; lastKnownFileType = sourcecode.swift; path = CloudKitContainer.swift; sourceTree = "<group>"; };
		E8AFA1F524F69D4900AA84D3 /* StoryService.swift */ = {isa = PBXFileReference; lastKnownFileType = sourcecode.swift; path = StoryService.swift; sourceTree = "<group>"; };
		E8AFA1F724F69D5200AA84D3 /* StoryInformationService.swift */ = {isa = PBXFileReference; lastKnownFileType = sourcecode.swift; path = StoryInformationService.swift; sourceTree = "<group>"; };
		E8C7384824C98C2B0018AAEA /* FocusableNSTextField.swift */ = {isa = PBXFileReference; lastKnownFileType = sourcecode.swift; path = FocusableNSTextField.swift; sourceTree = "<group>"; };
		E8EB954424C5CA0D00BC76E4 /* SprintNumber.swift */ = {isa = PBXFileReference; lastKnownFileType = sourcecode.swift; path = SprintNumber.swift; sourceTree = "<group>"; };
		E8EB954824C5E23C00BC76E4 /* InlineEditableList.swift */ = {isa = PBXFileReference; lastKnownFileType = sourcecode.swift; path = InlineEditableList.swift; sourceTree = "<group>"; };
		E8F4EEC524EE6BA300EC1CA2 /* Combine+Extensions.swift */ = {isa = PBXFileReference; lastKnownFileType = sourcecode.swift; path = "Combine+Extensions.swift"; sourceTree = "<group>"; };
		E8F5501B24DD36060017582D /* Configuration.swift */ = {isa = PBXFileReference; lastKnownFileType = sourcecode.swift; path = Configuration.swift; sourceTree = "<group>"; };
		E8F5501D24DD36100017582D /* Link.swift */ = {isa = PBXFileReference; lastKnownFileType = sourcecode.swift; path = Link.swift; sourceTree = "<group>"; };
		FB2D50DA2629B6BF0000C378 /* BorderedTextField.swift */ = {isa = PBXFileReference; lastKnownFileType = sourcecode.swift; path = BorderedTextField.swift; sourceTree = "<group>"; };
		FB6A2A1C2630289900FF3EBF /* InlineEditableLink+Logic.swift */ = {isa = PBXFileReference; lastKnownFileType = sourcecode.swift; path = "InlineEditableLink+Logic.swift"; sourceTree = "<group>"; };
		FB70027C261F32570088DBF0 /* InlineEditableLinkList.swift */ = {isa = PBXFileReference; lastKnownFileType = sourcecode.swift; path = InlineEditableLinkList.swift; sourceTree = "<group>"; };
		FB88E11F25E8F877008F2644 /* InlineEditableLink.swift */ = {isa = PBXFileReference; lastKnownFileType = sourcecode.swift; path = InlineEditableLink.swift; sourceTree = "<group>"; };
		FBBDD9332629D05800313AFD /* InlineEditableLinkList+Logic.swift */ = {isa = PBXFileReference; lastKnownFileType = sourcecode.swift; path = "InlineEditableLinkList+Logic.swift"; sourceTree = "<group>"; };
/* End PBXFileReference section */

/* Begin PBXFrameworksBuildPhase section */
		18FE758724A23E670003C76E /* Frameworks */ = {
			isa = PBXFrameworksBuildPhase;
			buildActionMask = 2147483647;
			files = (
				186A8B1226394E8F00B8FFBE /* AVKit.framework in Frameworks */,
				E83C002724ED7B0F00C83B85 /* CloudKit.framework in Frameworks */,
			);
			runOnlyForDeploymentPostprocessing = 0;
		};
		18FE759C24A23E680003C76E /* Frameworks */ = {
			isa = PBXFrameworksBuildPhase;
			buildActionMask = 2147483647;
			files = (
			);
			runOnlyForDeploymentPostprocessing = 0;
		};
		18FE75A724A23E680003C76E /* Frameworks */ = {
			isa = PBXFrameworksBuildPhase;
			buildActionMask = 2147483647;
			files = (
			);
			runOnlyForDeploymentPostprocessing = 0;
		};
/* End PBXFrameworksBuildPhase section */

/* Begin PBXGroup section */
		185277E22518D9870050F6C1 /* Space */ = {
			isa = PBXGroup;
			children = (
				185277D42518AC8C0050F6C1 /* Space.swift */,
				185277EC2519E74C0050F6C1 /* SpaceManager.swift */,
				185277E62518D9990050F6C1 /* SpaceService.swift */,
			);
			path = Space;
			sourceTree = "<group>";
		};
		1862423E24B489A800A4A6CB /* Sprint */ = {
			isa = PBXGroup;
			children = (
				E8AFA1F024F69AD200AA84D3 /* Services */,
				E8A4E4CE24EE982B00DBBCEA /* Extensions */,
				E85D872624ED29F700837346 /* Managers */,
				E85D872124ED299D00837346 /* Models */,
				E85D872324ED29BC00837346 /* Views */,
			);
			path = Sprint;
			sourceTree = "<group>";
		};
		1862424124B48A7C00A4A6CB /* Story */ = {
			isa = PBXGroup;
			children = (
				E8AFA1EF24F69ACB00AA84D3 /* Services */,
				E8A4E4D424EE995900DBBCEA /* Extensions */,
				E85D872524ED29EB00837346 /* Managers */,
				E85D872224ED29A700837346 /* Models */,
				E85D872424ED29CD00837346 /* Views */,
			);
			path = Story;
			sourceTree = "<group>";
		};
		18F610BF25FBDAC600A94949 /* User */ = {
			isa = PBXGroup;
			children = (
				18F610B025FBB96700A94949 /* UserService.swift */,
				18F610C325FBDAD100A94949 /* User.swift */,
				188A940B2656B409001743D5 /* UserManager.swift */,
			);
			path = User;
			sourceTree = "<group>";
		};
		18FE758124A23E670003C76E = {
			isa = PBXGroup;
			children = (
				18FE758C24A23E670003C76E /* RunningOrder */,
				18FE75A224A23E680003C76E /* RunningOrderTests */,
				18FE75AD24A23E680003C76E /* RunningOrderUITests */,
				18FE758B24A23E670003C76E /* Products */,
				E83C002524ED7B0F00C83B85 /* Frameworks */,
			);
			sourceTree = "<group>";
		};
		18FE758B24A23E670003C76E /* Products */ = {
			isa = PBXGroup;
			children = (
				18FE758A24A23E670003C76E /* RunningOrder.app */,
				18FE759F24A23E680003C76E /* RunningOrderTests.xctest */,
				18FE75AA24A23E680003C76E /* RunningOrderUITests.xctest */,
			);
			name = Products;
			sourceTree = "<group>";
		};
		18FE758C24A23E670003C76E /* RunningOrder */ = {
			isa = PBXGroup;
			children = (
				E83C002424ED7B0600C83B85 /* RunningOrderDebug.entitlements */,
				E83C001F24ED4CF100C83B85 /* Shared */,
				1862423E24B489A800A4A6CB /* Sprint */,
				1862424124B48A7C00A4A6CB /* Story */,
				18FE759124A23E680003C76E /* Assets.xcassets */,
				18F610BF25FBDAC600A94949 /* User */,
				185277E22518D9870050F6C1 /* Space */,
				18CDCDD824B4A49200043E1D /* Localizable.strings */,
				185277F42519F32E0050F6C1 /* WelcomeView.swift */,
				18FE759924A23E680003C76E /* Info.plist */,
				18FE759A24A23E680003C76E /* RunningOrder.entitlements */,
				18FE759324A23E680003C76E /* Preview Content */,
			);
			path = RunningOrder;
			sourceTree = "<group>";
		};
		18FE759324A23E680003C76E /* Preview Content */ = {
			isa = PBXGroup;
			children = (
				18FE759424A23E680003C76E /* Preview Assets.xcassets */,
				18F7918124B619B600FDCBEF /* Sprints_Previews.swift */,
				18F7918324B61A5900FDCBEF /* Stories_Previews.swift */,
			);
			path = "Preview Content";
			sourceTree = "<group>";
		};
		18FE75A224A23E680003C76E /* RunningOrderTests */ = {
			isa = PBXGroup;
			children = (
				18FE75A324A23E680003C76E /* RunningOrderTests.swift */,
				18FE75A524A23E680003C76E /* Info.plist */,
			);
			path = RunningOrderTests;
			sourceTree = "<group>";
		};
		18FE75AD24A23E680003C76E /* RunningOrderUITests */ = {
			isa = PBXGroup;
			children = (
				18FE75AE24A23E680003C76E /* RunningOrderUITests.swift */,
				18FE75B024A23E680003C76E /* Info.plist */,
			);
			path = RunningOrderUITests;
			sourceTree = "<group>";
		};
		5D817448261723D100BCC970 /* Search */ = {
			isa = PBXGroup;
			children = (
				5D817449261723D100BCC970 /* SearchBarView.swift */,
				5D81744A261723D100BCC970 /* SearchBarSuggestions+Logic.swift */,
				5D81744B261723D100BCC970 /* SuggestionRow.swift */,
				5D81744C261723D100BCC970 /* SearchBarSuggestions.swift */,
				5D285C1E261C706B008E01AC /* SearchManager.swift */,
			);
			path = Search;
			sourceTree = "<group>";
		};
		E83C001F24ED4CF100C83B85 /* Shared */ = {
			isa = PBXGroup;
			children = (
				E8A4E4D724EEA42F00DBBCEA /* Utils */,
				E8A4E4D124EE985600DBBCEA /* Protocol */,
				18FE758D24A23E670003C76E /* AppDelegate.swift */,
				188595BA25C9682400E7B3FD /* RunningOrderApp.swift */,
				183C8D542611DEE400F5037D /* AppStateManager.swift */,
				18FE758F24A23E670003C76E /* MainView.swift */,
				1837183D25DFCD8F00A3E3F9 /* MainView+Logic.swift */,
				188595CE25C9726000E7B3FD /* ToolbarItems.swift */,
				188595D325C97C2A00E7B3FD /* CloudSharingHandler.swift */,
				E85D872724ED2C3900837346 /* Components */,
				E83FDE2F24ED2CCC0047C047 /* Extensions */,
				E8DDB4D224ED2C950093A42B /* Representables */,
			);
			path = Shared;
			sourceTree = "<group>";
		};
		E83C002524ED7B0F00C83B85 /* Frameworks */ = {
			isa = PBXGroup;
			children = (
				186A8B1126394E8F00B8FFBE /* AVKit.framework */,
				E83C002624ED7B0F00C83B85 /* CloudKit.framework */,
			);
			name = Frameworks;
			sourceTree = "<group>";
		};
		E83FDE2F24ED2CCC0047C047 /* Extensions */ = {
			isa = PBXGroup;
			children = (
				E8760DCE24DADFD8003A2766 /* Image+Extensions.swift */,
				1893AA4E263585D500583B8B /* JSONCoding.swift */,
				1837186125E0108300A3E3F9 /* Binding+Callback.swift */,
				1888AFC425271A4200D5C678 /* Colors+Extensions.swift */,
				1858275D24B4C38B008BE248 /* Sequence+Extensions.swift */,
				E858997324EE68FB00BB65C8 /* Cloudkit+Extensions.swift */,
				E8F4EEC524EE6BA300EC1CA2 /* Combine+Extensions.swift */,
			);
			path = Extensions;
			sourceTree = "<group>";
		};
		E85D872124ED299D00837346 /* Models */ = {
			isa = PBXGroup;
			children = (
				1862423F24B489BB00A4A6CB /* Sprint.swift */,
				5D2EE4752631E25300D346AF /* Search.swift */,
			);
			path = Models;
			sourceTree = "<group>";
		};
		E85D872224ED29A700837346 /* Models */ = {
			isa = PBXGroup;
			children = (
				E8A5BD1E24E42A9B00589452 /* StoryInformation.swift */,
				1862424224B48A8600A4A6CB /* Story.swift */,
				E8F5501B24DD36060017582D /* Configuration.swift */,
				E8F5501D24DD36100017582D /* Link.swift */,
			);
			path = Models;
			sourceTree = "<group>";
		};
		E85D872324ED29BC00837346 /* Views */ = {
			isa = PBXGroup;
			children = (
				E8EB954424C5CA0D00BC76E4 /* SprintNumber.swift */,
				1862424624B48E9900A4A6CB /* NewSprintView.swift */,
				1837184225DFD52A00A3E3F9 /* NewSprintView+Logic.swift */,
				1862423824B4859300A4A6CB /* SprintList.swift */,
				1837184725DFDE0400A3E3F9 /* SprintList+Logic.swift */,
				184189832664DFB200DDB53D /* SprintRow.swift */,
				184189852664DFFD00DDB53D /* SprintRow+Logic.swift */,
			);
			path = Views;
			sourceTree = "<group>";
		};
		E85D872424ED29CD00837346 /* Views */ = {
			isa = PBXGroup;
			children = (
				E88CC8E324D0119C00E9F2DD /* StoryRow.swift */,
				E882F03324CF030F002D1591 /* NewStoryView.swift */,
				1837184C25DFE0BC00A3E3F9 /* NewStoryView+Logic.swift */,
				E896ADBE24E1375500D82952 /* StoryDetailHeader.swift */,
				18F610BA25FBDA8000A94949 /* StoryDetailHeader+Logic.swift */,
				1862423C24B485E400A4A6CB /* StoryDetail.swift */,
				1862423A24B485BA00A4A6CB /* StoryList.swift */,
				1837185125DFF2CC00A3E3F9 /* StoryList+Logic.swift */,
				E8A2649E24F4FD58006B94EA /* ConfigurationView.swift */,
				E8A264A024F4FE3D006B94EA /* StepsView.swift */,
				1837185625DFF35500A3E3F9 /* VideoView.swift */,
			);
			path = Views;
			sourceTree = "<group>";
		};
		E85D872524ED29EB00837346 /* Managers */ = {
			isa = PBXGroup;
			children = (
				E8A5BD2224E433AD00589452 /* StoryInformationManager.swift */,
				E8A5BD1C24E3E8B200589452 /* StoryManager.swift */,
			);
			path = Managers;
			sourceTree = "<group>";
		};
		E85D872624ED29F700837346 /* Managers */ = {
			isa = PBXGroup;
			children = (
				18FF999524DC3472002A06FE /* SprintManager.swift */,
			);
			path = Managers;
			sourceTree = "<group>";
		};
		E85D872724ED2C3900837346 /* Components */ = {
			isa = PBXGroup;
			children = (
				5D817448261723D100BCC970 /* Search */,
				E8A9567B24D2B0E7009E0C28 /* Tag.swift */,
				E81BBFE524CAD21100DB289A /* StyledFocusableTextField.swift */,
				E81BBFE724CB194B00DB289A /* RoundButton.swift */,
				E8EB954824C5E23C00BC76E4 /* InlineEditableList.swift */,
				FB70027C261F32570088DBF0 /* InlineEditableLinkList.swift */,
				FBBDD9332629D05800313AFD /* InlineEditableLinkList+Logic.swift */,
				FB88E11F25E8F877008F2644 /* InlineEditableLink.swift */,
				FB6A2A1C2630289900FF3EBF /* InlineEditableLink+Logic.swift */,
				FB2D50DA2629B6BF0000C378 /* BorderedTextField.swift */,
				18F6F6C625C9D029008078ED /* InlineButtonStyle.swift */,
				18758ADC2653ACC0009440B9 /* DeletionButton.swift */,
			);
			path = Components;
			sourceTree = "<group>";
		};
		E8A4E4CE24EE982B00DBBCEA /* Extensions */ = {
			isa = PBXGroup;
			children = (
				E8A4E4CF24EE984A00DBBCEA /* Sprint+CloudKit.swift */,
			);
			path = Extensions;
			sourceTree = "<group>";
		};
		E8A4E4D124EE985600DBBCEA /* Protocol */ = {
			isa = PBXGroup;
			children = (
				E8A4E4D224EE988000DBBCEA /* CKRecordable.swift */,
				18F6109E25FBA79700A94949 /* TextfieldEditingStringHandler.swift */,
			);
			path = Protocol;
			sourceTree = "<group>";
		};
		E8A4E4D424EE995900DBBCEA /* Extensions */ = {
			isa = PBXGroup;
			children = (
				E8A4E4D524EE996D00DBBCEA /* Story+CloudKit.swift */,
			);
			path = Extensions;
			sourceTree = "<group>";
		};
		E8A4E4D724EEA42F00DBBCEA /* Utils */ = {
			isa = PBXGroup;
			children = (
				E8AFA1F324F69C1900AA84D3 /* CloudKitContainer.swift */,
				1890DCC1252B705400D236B6 /* CloudKitChangesService.swift */,
				183C021F251B765400EC09FD /* Logger.swift */,
				18F610A325FBAD3000A94949 /* Environment+EpicColor.swift */,
				18F610B525FBCEE600A94949 /* BasicError.swift */,
				1803F62F2617593E00604A50 /* Stored.swift */,
			);
			path = Utils;
			sourceTree = "<group>";
		};
		E8AFA1EF24F69ACB00AA84D3 /* Services */ = {
			isa = PBXGroup;
			children = (
				E8AFA1F524F69D4900AA84D3 /* StoryService.swift */,
				E8AFA1F724F69D5200AA84D3 /* StoryInformationService.swift */,
			);
			path = Services;
			sourceTree = "<group>";
		};
		E8AFA1F024F69AD200AA84D3 /* Services */ = {
			isa = PBXGroup;
			children = (
				E8AFA1F124F69BE300AA84D3 /* SprintService.swift */,
			);
			name = Services;
			path = Extensions/Services;
			sourceTree = "<group>";
		};
		E8DDB4D224ED2C950093A42B /* Representables */ = {
			isa = PBXGroup;
			children = (
				E8C7384824C98C2B0018AAEA /* FocusableNSTextField.swift */,
			);
			path = Representables;
			sourceTree = "<group>";
		};
/* End PBXGroup section */

/* Begin PBXNativeTarget section */
		18FE758924A23E670003C76E /* RunningOrder */ = {
			isa = PBXNativeTarget;
			buildConfigurationList = 18FE75B324A23E680003C76E /* Build configuration list for PBXNativeTarget "RunningOrder" */;
			buildPhases = (
				18FE758624A23E670003C76E /* Sources */,
				18FE758724A23E670003C76E /* Frameworks */,
				18FE758824A23E670003C76E /* Resources */,
				1858275F24B4C3DA008BE248 /* Swiftlint */,
			);
			buildRules = (
			);
			dependencies = (
			);
			name = RunningOrder;
			productName = RunningOrder;
			productReference = 18FE758A24A23E670003C76E /* RunningOrder.app */;
			productType = "com.apple.product-type.application";
		};
		18FE759E24A23E680003C76E /* RunningOrderTests */ = {
			isa = PBXNativeTarget;
			buildConfigurationList = 18FE75B624A23E680003C76E /* Build configuration list for PBXNativeTarget "RunningOrderTests" */;
			buildPhases = (
				18FE759B24A23E680003C76E /* Sources */,
				18FE759C24A23E680003C76E /* Frameworks */,
				18FE759D24A23E680003C76E /* Resources */,
			);
			buildRules = (
			);
			dependencies = (
				18FE75A124A23E680003C76E /* PBXTargetDependency */,
			);
			name = RunningOrderTests;
			productName = RunningOrderTests;
			productReference = 18FE759F24A23E680003C76E /* RunningOrderTests.xctest */;
			productType = "com.apple.product-type.bundle.unit-test";
		};
		18FE75A924A23E680003C76E /* RunningOrderUITests */ = {
			isa = PBXNativeTarget;
			buildConfigurationList = 18FE75B924A23E680003C76E /* Build configuration list for PBXNativeTarget "RunningOrderUITests" */;
			buildPhases = (
				18FE75A624A23E680003C76E /* Sources */,
				18FE75A724A23E680003C76E /* Frameworks */,
				18FE75A824A23E680003C76E /* Resources */,
			);
			buildRules = (
			);
			dependencies = (
				18FE75AC24A23E680003C76E /* PBXTargetDependency */,
			);
			name = RunningOrderUITests;
			productName = RunningOrderUITests;
			productReference = 18FE75AA24A23E680003C76E /* RunningOrderUITests.xctest */;
			productType = "com.apple.product-type.bundle.ui-testing";
		};
/* End PBXNativeTarget section */

/* Begin PBXProject section */
		18FE758224A23E670003C76E /* Project object */ = {
			isa = PBXProject;
			attributes = {
				LastSwiftUpdateCheck = 1140;
				LastUpgradeCheck = 1200;
				ORGANIZATIONNAME = Worldline;
				TargetAttributes = {
					18FE758924A23E670003C76E = {
						CreatedOnToolsVersion = 11.4.1;
					};
					18FE759E24A23E680003C76E = {
						CreatedOnToolsVersion = 11.4.1;
						TestTargetID = 18FE758924A23E670003C76E;
					};
					18FE75A924A23E680003C76E = {
						CreatedOnToolsVersion = 11.4.1;
						TestTargetID = 18FE758924A23E670003C76E;
					};
				};
			};
			buildConfigurationList = 18FE758524A23E670003C76E /* Build configuration list for PBXProject "RunningOrder" */;
			compatibilityVersion = "Xcode 9.3";
			developmentRegion = en;
			hasScannedForEncodings = 0;
			knownRegions = (
				en,
				Base,
				fr,
			);
			mainGroup = 18FE758124A23E670003C76E;
			productRefGroup = 18FE758B24A23E670003C76E /* Products */;
			projectDirPath = "";
			projectRoot = "";
			targets = (
				18FE758924A23E670003C76E /* RunningOrder */,
				18FE759E24A23E680003C76E /* RunningOrderTests */,
				18FE75A924A23E680003C76E /* RunningOrderUITests */,
			);
		};
/* End PBXProject section */

/* Begin PBXResourcesBuildPhase section */
		18FE758824A23E670003C76E /* Resources */ = {
			isa = PBXResourcesBuildPhase;
			buildActionMask = 2147483647;
			files = (
				18CDCDD624B4A49200043E1D /* Localizable.strings in Resources */,
				18FE759524A23E680003C76E /* Preview Assets.xcassets in Resources */,
				18FE759224A23E680003C76E /* Assets.xcassets in Resources */,
			);
			runOnlyForDeploymentPostprocessing = 0;
		};
		18FE759D24A23E680003C76E /* Resources */ = {
			isa = PBXResourcesBuildPhase;
			buildActionMask = 2147483647;
			files = (
			);
			runOnlyForDeploymentPostprocessing = 0;
		};
		18FE75A824A23E680003C76E /* Resources */ = {
			isa = PBXResourcesBuildPhase;
			buildActionMask = 2147483647;
			files = (
			);
			runOnlyForDeploymentPostprocessing = 0;
		};
/* End PBXResourcesBuildPhase section */

/* Begin PBXShellScriptBuildPhase section */
		1858275F24B4C3DA008BE248 /* Swiftlint */ = {
			isa = PBXShellScriptBuildPhase;
			buildActionMask = 2147483647;
			files = (
			);
			inputFileListPaths = (
			);
			inputPaths = (
			);
			name = Swiftlint;
			outputFileListPaths = (
			);
			outputPaths = (
			);
			runOnlyForDeploymentPostprocessing = 0;
			shellPath = /bin/sh;
			shellScript = "# Type a script or drag a script file from your workspace to insert its path.\nif which swiftlint >/dev/null; then\n  swiftlint\nelse\n  echo \"warning: SwiftLint not installed, download from https://github.com/realm/SwiftLint\"\nfi\n";
		};
/* End PBXShellScriptBuildPhase section */

/* Begin PBXSourcesBuildPhase section */
		18FE758624A23E670003C76E /* Sources */ = {
			isa = PBXSourcesBuildPhase;
			buildActionMask = 2147483647;
			files = (
				E8A4E4D624EE996D00DBBCEA /* Story+CloudKit.swift in Sources */,
				18F610B625FBCEE600A94949 /* BasicError.swift in Sources */,
				18F610A425FBAD3000A94949 /* Environment+EpicColor.swift in Sources */,
				E8C7384924C98C2B0018AAEA /* FocusableNSTextField.swift in Sources */,
				18F610C425FBDAD100A94949 /* User.swift in Sources */,
				1837185725DFF35500A3E3F9 /* VideoView.swift in Sources */,
				E8A9567C24D2B0E7009E0C28 /* Tag.swift in Sources */,
				E8A5BD1D24E3E8B200589452 /* StoryManager.swift in Sources */,
				1803F6302617593E00604A50 /* Stored.swift in Sources */,
				188595CF25C9726000E7B3FD /* ToolbarItems.swift in Sources */,
				183C8D552611DEE400F5037D /* AppStateManager.swift in Sources */,
				188A940C2656B409001743D5 /* UserManager.swift in Sources */,
				E8A2649F24F4FD58006B94EA /* ConfigurationView.swift in Sources */,
				1862424324B48A8600A4A6CB /* Story.swift in Sources */,
				1837185225DFF2CC00A3E3F9 /* StoryList+Logic.swift in Sources */,
				FBBDD9342629D05800313AFD /* InlineEditableLinkList+Logic.swift in Sources */,
				E8AFA1F424F69C1900AA84D3 /* CloudKitContainer.swift in Sources */,
				183C0220251B765400EC09FD /* Logger.swift in Sources */,
				188595D425C97C2A00E7B3FD /* CloudSharingHandler.swift in Sources */,
				E8A5BD2324E433AD00589452 /* StoryInformationManager.swift in Sources */,
				1893AA4F263585D500583B8B /* JSONCoding.swift in Sources */,
				1837184825DFDE0400A3E3F9 /* SprintList+Logic.swift in Sources */,
				E8F5501E24DD36100017582D /* Link.swift in Sources */,
				E858997424EE68FB00BB65C8 /* Cloudkit+Extensions.swift in Sources */,
				E8A4E4D024EE984A00DBBCEA /* Sprint+CloudKit.swift in Sources */,
				5D817450261723D100BCC970 /* SearchBarSuggestions.swift in Sources */,
				1858275E24B4C38B008BE248 /* Sequence+Extensions.swift in Sources */,
				5D81744D261723D100BCC970 /* SearchBarView.swift in Sources */,
				E88CC8E424D0119C00E9F2DD /* StoryRow.swift in Sources */,
				E8AFA1F824F69D5200AA84D3 /* StoryInformationService.swift in Sources */,
				E8AFA1F224F69BE300AA84D3 /* SprintService.swift in Sources */,
				5D81744F261723D100BCC970 /* SuggestionRow.swift in Sources */,
				18758ADD2653ACC0009440B9 /* DeletionButton.swift in Sources */,
				E8F5501C24DD36060017582D /* Configuration.swift in Sources */,
				1862423D24B485E400A4A6CB /* StoryDetail.swift in Sources */,
				FB88E12025E8F877008F2644 /* InlineEditableLink.swift in Sources */,
				E8A264A124F4FE3D006B94EA /* StepsView.swift in Sources */,
				E8AFA1F624F69D4900AA84D3 /* StoryService.swift in Sources */,
				18F610B125FBB96700A94949 /* UserService.swift in Sources */,
				E8F4EEC624EE6BA300EC1CA2 /* Combine+Extensions.swift in Sources */,
				E81BBFE824CB194B00DB289A /* RoundButton.swift in Sources */,
				1862423B24B485BA00A4A6CB /* StoryList.swift in Sources */,
				1862424724B48E9900A4A6CB /* NewSprintView.swift in Sources */,
				185277E72518D9990050F6C1 /* SpaceService.swift in Sources */,
				E8EB954924C5E23C00BC76E4 /* InlineEditableList.swift in Sources */,
				FB2D50DB2629B6BF0000C378 /* BorderedTextField.swift in Sources */,
				18FE759024A23E670003C76E /* MainView.swift in Sources */,
				18F610BB25FBDA8000A94949 /* StoryDetailHeader+Logic.swift in Sources */,
				E8760DCF24DADFD8003A2766 /* Image+Extensions.swift in Sources */,
				E8A5BD1F24E42A9B00589452 /* StoryInformation.swift in Sources */,
				1837184D25DFE0BC00A3E3F9 /* NewStoryView+Logic.swift in Sources */,
				FB70027D261F32570088DBF0 /* InlineEditableLinkList.swift in Sources */,
				FB6A2A1D2630289900FF3EBF /* InlineEditableLink+Logic.swift in Sources */,
				1862423924B4859300A4A6CB /* SprintList.swift in Sources */,
				18FE758E24A23E670003C76E /* AppDelegate.swift in Sources */,
				1837184325DFD52A00A3E3F9 /* NewSprintView+Logic.swift in Sources */,
				E8EB954524C5CA0D00BC76E4 /* SprintNumber.swift in Sources */,
				18F6109F25FBA79700A94949 /* TextfieldEditingStringHandler.swift in Sources */,
				188595BB25C9682400E7B3FD /* RunningOrderApp.swift in Sources */,
				1890DCC2252B705400D236B6 /* CloudKitChangesService.swift in Sources */,
				185277D52518AC8C0050F6C1 /* Space.swift in Sources */,
				5D81744E261723D100BCC970 /* SearchBarSuggestions+Logic.swift in Sources */,
				185277F52519F32E0050F6C1 /* WelcomeView.swift in Sources */,
				1888AFC525271A4200D5C678 /* Colors+Extensions.swift in Sources */,
				184189842664DFB200DDB53D /* SprintRow.swift in Sources */,
				184189862664DFFD00DDB53D /* SprintRow+Logic.swift in Sources */,
				1837186225E0108300A3E3F9 /* Binding+Callback.swift in Sources */,
				18F6F6C725C9D029008078ED /* InlineButtonStyle.swift in Sources */,
				1862424024B489BB00A4A6CB /* Sprint.swift in Sources */,
				18FF999624DC3472002A06FE /* SprintManager.swift in Sources */,
				E81BBFE624CAD21100DB289A /* StyledFocusableTextField.swift in Sources */,
				1837183E25DFCD8F00A3E3F9 /* MainView+Logic.swift in Sources */,
				18F7918424B61A5900FDCBEF /* Stories_Previews.swift in Sources */,
				185277ED2519E74C0050F6C1 /* SpaceManager.swift in Sources */,
				E8A4E4D324EE988000DBBCEA /* CKRecordable.swift in Sources */,
				E896ADBF24E1375500D82952 /* StoryDetailHeader.swift in Sources */,
				5D285C1F261C706B008E01AC /* SearchManager.swift in Sources */,
				5D2EE4762631E25300D346AF /* Search.swift in Sources */,
				E882F03424CF030F002D1591 /* NewStoryView.swift in Sources */,
				18F7918224B619B600FDCBEF /* Sprints_Previews.swift in Sources */,
			);
			runOnlyForDeploymentPostprocessing = 0;
		};
		18FE759B24A23E680003C76E /* Sources */ = {
			isa = PBXSourcesBuildPhase;
			buildActionMask = 2147483647;
			files = (
				18FE75A424A23E680003C76E /* RunningOrderTests.swift in Sources */,
			);
			runOnlyForDeploymentPostprocessing = 0;
		};
		18FE75A624A23E680003C76E /* Sources */ = {
			isa = PBXSourcesBuildPhase;
			buildActionMask = 2147483647;
			files = (
			);
			runOnlyForDeploymentPostprocessing = 0;
		};
/* End PBXSourcesBuildPhase section */

/* Begin PBXTargetDependency section */
		18FE75A124A23E680003C76E /* PBXTargetDependency */ = {
			isa = PBXTargetDependency;
			target = 18FE758924A23E670003C76E /* RunningOrder */;
			targetProxy = 18FE75A024A23E680003C76E /* PBXContainerItemProxy */;
		};
		18FE75AC24A23E680003C76E /* PBXTargetDependency */ = {
			isa = PBXTargetDependency;
			target = 18FE758924A23E670003C76E /* RunningOrder */;
			targetProxy = 18FE75AB24A23E680003C76E /* PBXContainerItemProxy */;
		};
/* End PBXTargetDependency section */

/* Begin PBXVariantGroup section */
		18CDCDD824B4A49200043E1D /* Localizable.strings */ = {
			isa = PBXVariantGroup;
			children = (
				18CDCDD724B4A49200043E1D /* en */,
				18CDCDDA24B4A4A500043E1D /* fr */,
			);
			name = Localizable.strings;
			sourceTree = "<group>";
		};
/* End PBXVariantGroup section */

/* Begin XCBuildConfiguration section */
		18FE75B124A23E680003C76E /* Debug */ = {
			isa = XCBuildConfiguration;
			buildSettings = {
				ALWAYS_SEARCH_USER_PATHS = NO;
				CLANG_ANALYZER_LOCALIZABILITY_NONLOCALIZED = YES;
				CLANG_ANALYZER_NONNULL = YES;
				CLANG_ANALYZER_NUMBER_OBJECT_CONVERSION = YES_AGGRESSIVE;
				CLANG_CXX_LANGUAGE_STANDARD = "gnu++14";
				CLANG_CXX_LIBRARY = "libc++";
				CLANG_ENABLE_MODULES = YES;
				CLANG_ENABLE_OBJC_ARC = YES;
				CLANG_ENABLE_OBJC_WEAK = YES;
				CLANG_WARN_BLOCK_CAPTURE_AUTORELEASING = YES;
				CLANG_WARN_BOOL_CONVERSION = YES;
				CLANG_WARN_COMMA = YES;
				CLANG_WARN_CONSTANT_CONVERSION = YES;
				CLANG_WARN_DEPRECATED_OBJC_IMPLEMENTATIONS = YES;
				CLANG_WARN_DIRECT_OBJC_ISA_USAGE = YES_ERROR;
				CLANG_WARN_DOCUMENTATION_COMMENTS = YES;
				CLANG_WARN_EMPTY_BODY = YES;
				CLANG_WARN_ENUM_CONVERSION = YES;
				CLANG_WARN_INFINITE_RECURSION = YES;
				CLANG_WARN_INT_CONVERSION = YES;
				CLANG_WARN_NON_LITERAL_NULL_CONVERSION = YES;
				CLANG_WARN_OBJC_IMPLICIT_RETAIN_SELF = YES;
				CLANG_WARN_OBJC_LITERAL_CONVERSION = YES;
				CLANG_WARN_OBJC_ROOT_CLASS = YES_ERROR;
				CLANG_WARN_QUOTED_INCLUDE_IN_FRAMEWORK_HEADER = YES;
				CLANG_WARN_RANGE_LOOP_ANALYSIS = YES;
				CLANG_WARN_STRICT_PROTOTYPES = YES;
				CLANG_WARN_SUSPICIOUS_MOVE = YES;
				CLANG_WARN_UNGUARDED_AVAILABILITY = YES_AGGRESSIVE;
				CLANG_WARN_UNREACHABLE_CODE = YES;
				CLANG_WARN__DUPLICATE_METHOD_MATCH = YES;
				COPY_PHASE_STRIP = NO;
				DEBUG_INFORMATION_FORMAT = dwarf;
				ENABLE_STRICT_OBJC_MSGSEND = YES;
				ENABLE_TESTABILITY = YES;
				GCC_C_LANGUAGE_STANDARD = gnu11;
				GCC_DYNAMIC_NO_PIC = NO;
				GCC_NO_COMMON_BLOCKS = YES;
				GCC_OPTIMIZATION_LEVEL = 0;
				GCC_PREPROCESSOR_DEFINITIONS = (
					"DEBUG=1",
					"$(inherited)",
				);
				GCC_WARN_64_TO_32_BIT_CONVERSION = YES;
				GCC_WARN_ABOUT_RETURN_TYPE = YES_ERROR;
				GCC_WARN_UNDECLARED_SELECTOR = YES;
				GCC_WARN_UNINITIALIZED_AUTOS = YES_AGGRESSIVE;
				GCC_WARN_UNUSED_FUNCTION = YES;
				GCC_WARN_UNUSED_VARIABLE = YES;
				MACOSX_DEPLOYMENT_TARGET = 11.0;
				MTL_ENABLE_DEBUG_INFO = INCLUDE_SOURCE;
				MTL_FAST_MATH = YES;
				ONLY_ACTIVE_ARCH = YES;
				SDKROOT = macosx;
				SWIFT_ACTIVE_COMPILATION_CONDITIONS = DEBUG;
				SWIFT_OPTIMIZATION_LEVEL = "-Onone";
			};
			name = Debug;
		};
		18FE75B224A23E680003C76E /* Release */ = {
			isa = XCBuildConfiguration;
			buildSettings = {
				ALWAYS_SEARCH_USER_PATHS = NO;
				CLANG_ANALYZER_LOCALIZABILITY_NONLOCALIZED = YES;
				CLANG_ANALYZER_NONNULL = YES;
				CLANG_ANALYZER_NUMBER_OBJECT_CONVERSION = YES_AGGRESSIVE;
				CLANG_CXX_LANGUAGE_STANDARD = "gnu++14";
				CLANG_CXX_LIBRARY = "libc++";
				CLANG_ENABLE_MODULES = YES;
				CLANG_ENABLE_OBJC_ARC = YES;
				CLANG_ENABLE_OBJC_WEAK = YES;
				CLANG_WARN_BLOCK_CAPTURE_AUTORELEASING = YES;
				CLANG_WARN_BOOL_CONVERSION = YES;
				CLANG_WARN_COMMA = YES;
				CLANG_WARN_CONSTANT_CONVERSION = YES;
				CLANG_WARN_DEPRECATED_OBJC_IMPLEMENTATIONS = YES;
				CLANG_WARN_DIRECT_OBJC_ISA_USAGE = YES_ERROR;
				CLANG_WARN_DOCUMENTATION_COMMENTS = YES;
				CLANG_WARN_EMPTY_BODY = YES;
				CLANG_WARN_ENUM_CONVERSION = YES;
				CLANG_WARN_INFINITE_RECURSION = YES;
				CLANG_WARN_INT_CONVERSION = YES;
				CLANG_WARN_NON_LITERAL_NULL_CONVERSION = YES;
				CLANG_WARN_OBJC_IMPLICIT_RETAIN_SELF = YES;
				CLANG_WARN_OBJC_LITERAL_CONVERSION = YES;
				CLANG_WARN_OBJC_ROOT_CLASS = YES_ERROR;
				CLANG_WARN_QUOTED_INCLUDE_IN_FRAMEWORK_HEADER = YES;
				CLANG_WARN_RANGE_LOOP_ANALYSIS = YES;
				CLANG_WARN_STRICT_PROTOTYPES = YES;
				CLANG_WARN_SUSPICIOUS_MOVE = YES;
				CLANG_WARN_UNGUARDED_AVAILABILITY = YES_AGGRESSIVE;
				CLANG_WARN_UNREACHABLE_CODE = YES;
				CLANG_WARN__DUPLICATE_METHOD_MATCH = YES;
				COPY_PHASE_STRIP = NO;
				DEBUG_INFORMATION_FORMAT = "dwarf-with-dsym";
				ENABLE_NS_ASSERTIONS = NO;
				ENABLE_STRICT_OBJC_MSGSEND = YES;
				GCC_C_LANGUAGE_STANDARD = gnu11;
				GCC_NO_COMMON_BLOCKS = YES;
				GCC_WARN_64_TO_32_BIT_CONVERSION = YES;
				GCC_WARN_ABOUT_RETURN_TYPE = YES_ERROR;
				GCC_WARN_UNDECLARED_SELECTOR = YES;
				GCC_WARN_UNINITIALIZED_AUTOS = YES_AGGRESSIVE;
				GCC_WARN_UNUSED_FUNCTION = YES;
				GCC_WARN_UNUSED_VARIABLE = YES;
				MACOSX_DEPLOYMENT_TARGET = 11.0;
				MTL_ENABLE_DEBUG_INFO = NO;
				MTL_FAST_MATH = YES;
				SDKROOT = macosx;
				SWIFT_COMPILATION_MODE = wholemodule;
				SWIFT_OPTIMIZATION_LEVEL = "-O";
			};
			name = Release;
		};
		18FE75B424A23E680003C76E /* Debug */ = {
			isa = XCBuildConfiguration;
			buildSettings = {
				ASSETCATALOG_COMPILER_APPICON_NAME = AppIcon;
				ASSETCATALOG_COMPILER_GLOBAL_ACCENT_COLOR_NAME = AccentColor;
				CODE_SIGN_ENTITLEMENTS = RunningOrder/RunningOrderDebug.entitlements;
				CODE_SIGN_IDENTITY = "Mac Developer";
				CODE_SIGN_STYLE = Manual;
				COMBINE_HIDPI_IMAGES = YES;
				CURRENT_PROJECT_VERSION = 20210430;
				DEVELOPMENT_ASSET_PATHS = "\"RunningOrder/Preview Content\"";
				DEVELOPMENT_TEAM = 5GARSM38JL;
				ENABLE_HARDENED_RUNTIME = YES;
				ENABLE_PREVIEWS = YES;
				INFOPLIST_FILE = RunningOrder/Info.plist;
				LD_RUNPATH_SEARCH_PATHS = (
					"$(inherited)",
					"@executable_path/../Frameworks",
				);
				MACOSX_DEPLOYMENT_TARGET = 11.0;
				MARKETING_VERSION = 0.8.2;
				PRODUCT_BUNDLE_IDENTIFIER = com.worldline.RunningOrder;
				PRODUCT_NAME = "$(TARGET_NAME)";
				PROVISIONING_PROFILE_SPECIFIER = "Running Order Dev";
				SWIFT_VERSION = 5.0;
			};
			name = Debug;
		};
		18FE75B524A23E680003C76E /* Release */ = {
			isa = XCBuildConfiguration;
			buildSettings = {
				ASSETCATALOG_COMPILER_APPICON_NAME = AppIcon;
				ASSETCATALOG_COMPILER_GLOBAL_ACCENT_COLOR_NAME = AccentColor;
				CODE_SIGN_ENTITLEMENTS = RunningOrder/RunningOrder.entitlements;
				CODE_SIGN_IDENTITY = "-";
				CODE_SIGN_STYLE = Manual;
				COMBINE_HIDPI_IMAGES = YES;
				CURRENT_PROJECT_VERSION = 20210430;
				DEVELOPMENT_ASSET_PATHS = "\"RunningOrder/Preview Content\"";
				DEVELOPMENT_TEAM = "";
				ENABLE_HARDENED_RUNTIME = YES;
				ENABLE_PREVIEWS = YES;
				INFOPLIST_FILE = RunningOrder/Info.plist;
				LD_RUNPATH_SEARCH_PATHS = (
					"$(inherited)",
					"@executable_path/../Frameworks",
				);
				MACOSX_DEPLOYMENT_TARGET = 11.0;
				MARKETING_VERSION = 0.8.2;
				PRODUCT_BUNDLE_IDENTIFIER = com.worldline.RunningOrder;
				PRODUCT_NAME = "$(TARGET_NAME)";
				PROVISIONING_PROFILE_SPECIFIER = "";
				SWIFT_VERSION = 5.0;
			};
			name = Release;
		};
		18FE75B724A23E680003C76E /* Debug */ = {
			isa = XCBuildConfiguration;
			buildSettings = {
				ALWAYS_EMBED_SWIFT_STANDARD_LIBRARIES = YES;
				BUNDLE_LOADER = "$(TEST_HOST)";
				CODE_SIGN_IDENTITY = "Apple Development";
				CODE_SIGN_STYLE = Manual;
				COMBINE_HIDPI_IMAGES = YES;
				DEVELOPMENT_TEAM = 5GARSM38JL;
				INFOPLIST_FILE = RunningOrderTests/Info.plist;
				LD_RUNPATH_SEARCH_PATHS = (
					"$(inherited)",
					"@executable_path/../Frameworks",
					"@loader_path/../Frameworks",
				);
				MACOSX_DEPLOYMENT_TARGET = 10.15;
				PRODUCT_BUNDLE_IDENTIFIER = com.worldline.RunningOrderTests;
				PRODUCT_NAME = "$(TARGET_NAME)";
				PROVISIONING_PROFILE_SPECIFIER = "";
				SWIFT_VERSION = 5.0;
				TEST_HOST = "$(BUILT_PRODUCTS_DIR)/RunningOrder.app/Contents/MacOS/RunningOrder";
			};
			name = Debug;
		};
		18FE75B824A23E680003C76E /* Release */ = {
			isa = XCBuildConfiguration;
			buildSettings = {
				ALWAYS_EMBED_SWIFT_STANDARD_LIBRARIES = YES;
				BUNDLE_LOADER = "$(TEST_HOST)";
				CODE_SIGN_IDENTITY = "-";
				CODE_SIGN_STYLE = Manual;
				COMBINE_HIDPI_IMAGES = YES;
				DEVELOPMENT_TEAM = "";
				INFOPLIST_FILE = RunningOrderTests/Info.plist;
				LD_RUNPATH_SEARCH_PATHS = (
					"$(inherited)",
					"@executable_path/../Frameworks",
					"@loader_path/../Frameworks",
				);
				MACOSX_DEPLOYMENT_TARGET = 10.15;
				PRODUCT_BUNDLE_IDENTIFIER = com.worldline.RunningOrderTests;
				PRODUCT_NAME = "$(TARGET_NAME)";
				PROVISIONING_PROFILE_SPECIFIER = "";
				SWIFT_VERSION = 5.0;
				TEST_HOST = "$(BUILT_PRODUCTS_DIR)/RunningOrder.app/Contents/MacOS/RunningOrder";
			};
			name = Release;
		};
		18FE75BA24A23E680003C76E /* Debug */ = {
			isa = XCBuildConfiguration;
			buildSettings = {
				ALWAYS_EMBED_SWIFT_STANDARD_LIBRARIES = YES;
				CODE_SIGN_IDENTITY = "-";
				CODE_SIGN_STYLE = Manual;
				COMBINE_HIDPI_IMAGES = YES;
				DEVELOPMENT_TEAM = "";
				INFOPLIST_FILE = RunningOrderUITests/Info.plist;
				LD_RUNPATH_SEARCH_PATHS = (
					"$(inherited)",
					"@executable_path/../Frameworks",
					"@loader_path/../Frameworks",
				);
				PRODUCT_BUNDLE_IDENTIFIER = com.worldline.RunningOrderUITests;
				PRODUCT_NAME = "$(TARGET_NAME)";
				PROVISIONING_PROFILE_SPECIFIER = "";
				SWIFT_VERSION = 5.0;
				TEST_TARGET_NAME = RunningOrder;
			};
			name = Debug;
		};
		18FE75BB24A23E680003C76E /* Release */ = {
			isa = XCBuildConfiguration;
			buildSettings = {
				ALWAYS_EMBED_SWIFT_STANDARD_LIBRARIES = YES;
				CODE_SIGN_IDENTITY = "-";
				CODE_SIGN_STYLE = Manual;
				COMBINE_HIDPI_IMAGES = YES;
				DEVELOPMENT_TEAM = "";
				INFOPLIST_FILE = RunningOrderUITests/Info.plist;
				LD_RUNPATH_SEARCH_PATHS = (
					"$(inherited)",
					"@executable_path/../Frameworks",
					"@loader_path/../Frameworks",
				);
				PRODUCT_BUNDLE_IDENTIFIER = com.worldline.RunningOrderUITests;
				PRODUCT_NAME = "$(TARGET_NAME)";
				PROVISIONING_PROFILE_SPECIFIER = "";
				SWIFT_VERSION = 5.0;
				TEST_TARGET_NAME = RunningOrder;
			};
			name = Release;
		};
/* End XCBuildConfiguration section */

/* Begin XCConfigurationList section */
		18FE758524A23E670003C76E /* Build configuration list for PBXProject "RunningOrder" */ = {
			isa = XCConfigurationList;
			buildConfigurations = (
				18FE75B124A23E680003C76E /* Debug */,
				18FE75B224A23E680003C76E /* Release */,
			);
			defaultConfigurationIsVisible = 0;
			defaultConfigurationName = Release;
		};
		18FE75B324A23E680003C76E /* Build configuration list for PBXNativeTarget "RunningOrder" */ = {
			isa = XCConfigurationList;
			buildConfigurations = (
				18FE75B424A23E680003C76E /* Debug */,
				18FE75B524A23E680003C76E /* Release */,
			);
			defaultConfigurationIsVisible = 0;
			defaultConfigurationName = Release;
		};
		18FE75B624A23E680003C76E /* Build configuration list for PBXNativeTarget "RunningOrderTests" */ = {
			isa = XCConfigurationList;
			buildConfigurations = (
				18FE75B724A23E680003C76E /* Debug */,
				18FE75B824A23E680003C76E /* Release */,
			);
			defaultConfigurationIsVisible = 0;
			defaultConfigurationName = Release;
		};
		18FE75B924A23E680003C76E /* Build configuration list for PBXNativeTarget "RunningOrderUITests" */ = {
			isa = XCConfigurationList;
			buildConfigurations = (
				18FE75BA24A23E680003C76E /* Debug */,
				18FE75BB24A23E680003C76E /* Release */,
			);
			defaultConfigurationIsVisible = 0;
			defaultConfigurationName = Release;
		};
/* End XCConfigurationList section */
	};
	rootObject = 18FE758224A23E670003C76E /* Project object */;
}
